// !$*UTF8*$!
{
	archiveVersion = 1;
	classes = {
	};
	objectVersion = 51;
	objects = {

/* Begin PBXBuildFile section */
		6C1CCC6224DD3F5200B2293B /* FZRemoteAudioPlayer.m in Sources */ = {isa = PBXBuildFile; fileRef = 6C1CCC6124DD3F5200B2293B /* FZRemoteAudioPlayer.m */; };
		6C1CCC6624DD436300B2293B /* NSURL+audioPlayer.m in Sources */ = {isa = PBXBuildFile; fileRef = 6C1CCC6524DD436300B2293B /* NSURL+audioPlayer.m */; };
		6C1E4553251DC3E000AFA27D /* DynamicArray.m in Sources */ = {isa = PBXBuildFile; fileRef = 6C1E4552251DC3E000AFA27D /* DynamicArray.m */; };
		6C3DAD3E24B851020001A9EA /* FZCollectionViewController.m in Sources */ = {isa = PBXBuildFile; fileRef = 6C3DAD3D24B851020001A9EA /* FZCollectionViewController.m */; };
		6C3DAD4124B8515E0001A9EA /* FZCollectionFlowLayout.m in Sources */ = {isa = PBXBuildFile; fileRef = 6C3DAD4024B8515E0001A9EA /* FZCollectionFlowLayout.m */; };
		6C3DAD4424B8517A0001A9EA /* FZCollectionLayout.m in Sources */ = {isa = PBXBuildFile; fileRef = 6C3DAD4324B8517A0001A9EA /* FZCollectionLayout.m */; };
		6C3DAD4724B854BB0001A9EA /* FZCollectionViewController+delegates.m in Sources */ = {isa = PBXBuildFile; fileRef = 6C3DAD4624B854BB0001A9EA /* FZCollectionViewController+delegates.m */; };
		6C4127E623B6105100EB157C /* AppDelegate.m in Sources */ = {isa = PBXBuildFile; fileRef = 6C4127E523B6105100EB157C /* AppDelegate.m */; };
		6C4127E923B6105100EB157C /* SceneDelegate.m in Sources */ = {isa = PBXBuildFile; fileRef = 6C4127E823B6105100EB157C /* SceneDelegate.m */; };
		6C4127EC23B6105100EB157C /* ViewController.m in Sources */ = {isa = PBXBuildFile; fileRef = 6C4127EB23B6105100EB157C /* ViewController.m */; };
		6C4127EF23B6105100EB157C /* Main.storyboard in Resources */ = {isa = PBXBuildFile; fileRef = 6C4127ED23B6105100EB157C /* Main.storyboard */; };
		6C4127F123B6105800EB157C /* Assets.xcassets in Resources */ = {isa = PBXBuildFile; fileRef = 6C4127F023B6105800EB157C /* Assets.xcassets */; };
		6C4127F423B6105800EB157C /* LaunchScreen.storyboard in Resources */ = {isa = PBXBuildFile; fileRef = 6C4127F223B6105800EB157C /* LaunchScreen.storyboard */; };
		6C4127F723B6105800EB157C /* main.m in Sources */ = {isa = PBXBuildFile; fileRef = 6C4127F623B6105800EB157C /* main.m */; };
		6C41280123B6105A00EB157C /* iOSAnimationTests.m in Sources */ = {isa = PBXBuildFile; fileRef = 6C41280023B6105A00EB157C /* iOSAnimationTests.m */; };
		6C41280C23B6105A00EB157C /* iOSAnimationUITests.m in Sources */ = {isa = PBXBuildFile; fileRef = 6C41280B23B6105A00EB157C /* iOSAnimationUITests.m */; };
		6C455ACD24D011D100C43E57 /* FZCollectionViewCell.m in Sources */ = {isa = PBXBuildFile; fileRef = 6C455ACC24D011D100C43E57 /* FZCollectionViewCell.m */; };
		6C455AD024D0240500C43E57 /* clearCell.m in Sources */ = {isa = PBXBuildFile; fileRef = 6C455ACF24D0240500C43E57 /* clearCell.m */; };
		6C45C5CC2521820B002992D0 /* mutableParams.m in Sources */ = {isa = PBXBuildFile; fileRef = 6C45C5CB2521820B002992D0 /* mutableParams.m */; };
		6C49E34824ACAC4300D73CEB /* HitTestView.m in Sources */ = {isa = PBXBuildFile; fileRef = 6C49E34724ACAC4300D73CEB /* HitTestView.m */; };
		6C49E34C24ACBBB500D73CEB /* HitTestViewController.m in Sources */ = {isa = PBXBuildFile; fileRef = 6C49E34B24ACBBB500D73CEB /* HitTestViewController.m */; };
		6C49E34F24AD81C400D73CEB /* HitTestViewController_1.m in Sources */ = {isa = PBXBuildFile; fileRef = 6C49E34E24AD81C400D73CEB /* HitTestViewController_1.m */; };
		6C49E35224AD82F300D73CEB /* HitTestButton.m in Sources */ = {isa = PBXBuildFile; fileRef = 6C49E35124AD82F300D73CEB /* HitTestButton.m */; };
		6C49E36324AF312300D73CEB /* LocalViewController.m in Sources */ = {isa = PBXBuildFile; fileRef = 6C49E36224AF312300D73CEB /* LocalViewController.m */; };
		6C4B0F97254824690002D509 /* testView.m in Sources */ = {isa = PBXBuildFile; fileRef = 6C6F39932542CFD100DA2611 /* testView.m */; };
		6C50F041250F890C00AA446E /* libsqlite3.tbd in Frameworks */ = {isa = PBXBuildFile; fileRef = 6C50F040250F890400AA446E /* libsqlite3.tbd */; };
		6C50F044250F893300AA446E /* FZSQLite3Test.m in Sources */ = {isa = PBXBuildFile; fileRef = 6C50F043250F893300AA446E /* FZSQLite3Test.m */; };
		6C50F047250F89CE00AA446E /* testModel.m in Sources */ = {isa = PBXBuildFile; fileRef = 6C50F046250F89CE00AA446E /* testModel.m */; };
		6C50F04B250F8B0600AA446E /* FZSQLiteTool.m in Sources */ = {isa = PBXBuildFile; fileRef = 6C50F04A250F8B0600AA446E /* FZSQLiteTool.m */; };
		6C50F04E250F8B1800AA446E /* FZModelTool.m in Sources */ = {isa = PBXBuildFile; fileRef = 6C50F04D250F8B1800AA446E /* FZModelTool.m */; };
		6C50F0522513016200AA446E /* MRC.m in Sources */ = {isa = PBXBuildFile; fileRef = 6C50F0512513016200AA446E /* MRC.m */; settings = {COMPILER_FLAGS = "-fno-objc-arc"; }; };
		6C50F05825130E1C00AA446E /* MRCTEST.m in Sources */ = {isa = PBXBuildFile; fileRef = 6C50F05725130E1C00AA446E /* MRCTEST.m */; settings = {COMPILER_FLAGS = "-fno-objc-arc"; }; };
		6C8089CE24CAC2A700FD94CD /* FZDownLoader.m in Sources */ = {isa = PBXBuildFile; fileRef = 6C8089CD24CAC2A700FD94CD /* FZDownLoader.m */; };
		6C8089D124CAC49A00FD94CD /* FZFileManager.m in Sources */ = {isa = PBXBuildFile; fileRef = 6C8089D024CAC49A00FD94CD /* FZFileManager.m */; };
		6C93286F2537F062002672BE /* textFieldGrandientColorView.m in Sources */ = {isa = PBXBuildFile; fileRef = 6C93286E2537F062002672BE /* textFieldGrandientColorView.m */; };
		6C9328752537F431002672BE /* DynamicCircieArray.m in Sources */ = {isa = PBXBuildFile; fileRef = 6C9328742537F431002672BE /* DynamicCircieArray.m */; };
		6CDB8EDD2531CAB5005B0FF5 /* tx.m in Sources */ = {isa = PBXBuildFile; fileRef = 6CDB8EDC2531CAB5005B0FF5 /* tx.m */; };
		6CDD17A224E0F36100501767 /* FZRemoteAudioPlayerResourceDelegate.m in Sources */ = {isa = PBXBuildFile; fileRef = 6CDD17A124E0F36100501767 /* FZRemoteAudioPlayerResourceDelegate.m */; };
		6CE396AA25184A1B00115594 /* Cpp.cpp in Sources */ = {isa = PBXBuildFile; fileRef = 6CE396A825184A1B00115594 /* Cpp.cpp */; };
		6CE396BD251885E300115594 /* ARC.m in Sources */ = {isa = PBXBuildFile; fileRef = 6CE396B22518771A00115594 /* ARC.m */; };
		74EB3CE7FEE65BD72792EEFE /* libPods-iOSAnimationTests.a in Frameworks */ = {isa = PBXBuildFile; fileRef = 27D45F96838EA7ECDB06E9BA /* libPods-iOSAnimationTests.a */; };
		8C2F4F5B250C6C04871D0B00 /* libPods-iOSAnimation-iOSAnimationUITests.a in Frameworks */ = {isa = PBXBuildFile; fileRef = 0341F1A11964A01236AFC1D2 /* libPods-iOSAnimation-iOSAnimationUITests.a */; };
		F973DA011B154EA4E1A2B858 /* libPods-iOSAnimation.a in Frameworks */ = {isa = PBXBuildFile; fileRef = 2DF6C73A3CC057DF3BB7E25B /* libPods-iOSAnimation.a */; };
/* End PBXBuildFile section */

/* Begin PBXContainerItemProxy section */
		6C4127FD23B6105900EB157C /* PBXContainerItemProxy */ = {
			isa = PBXContainerItemProxy;
			containerPortal = 6C4127D923B6105000EB157C /* Project object */;
			proxyType = 1;
			remoteGlobalIDString = 6C4127E023B6105100EB157C;
			remoteInfo = iOSAnimation;
		};
		6C41280823B6105A00EB157C /* PBXContainerItemProxy */ = {
			isa = PBXContainerItemProxy;
			containerPortal = 6C4127D923B6105000EB157C /* Project object */;
			proxyType = 1;
			remoteGlobalIDString = 6C4127E023B6105100EB157C;
			remoteInfo = iOSAnimation;
		};
/* End PBXContainerItemProxy section */

/* Begin PBXFileReference section */
		01E303B5C08BDF4C950AF5A8 /* Pods-iOSAnimation.release.xcconfig */ = {isa = PBXFileReference; includeInIndex = 1; lastKnownFileType = text.xcconfig; name = "Pods-iOSAnimation.release.xcconfig"; path = "Target Support Files/Pods-iOSAnimation/Pods-iOSAnimation.release.xcconfig"; sourceTree = "<group>"; };
		0341F1A11964A01236AFC1D2 /* libPods-iOSAnimation-iOSAnimationUITests.a */ = {isa = PBXFileReference; explicitFileType = archive.ar; includeInIndex = 0; path = "libPods-iOSAnimation-iOSAnimationUITests.a"; sourceTree = BUILT_PRODUCTS_DIR; };
		27D45F96838EA7ECDB06E9BA /* libPods-iOSAnimationTests.a */ = {isa = PBXFileReference; explicitFileType = archive.ar; includeInIndex = 0; path = "libPods-iOSAnimationTests.a"; sourceTree = BUILT_PRODUCTS_DIR; };
		2DF6C73A3CC057DF3BB7E25B /* libPods-iOSAnimation.a */ = {isa = PBXFileReference; explicitFileType = archive.ar; includeInIndex = 0; path = "libPods-iOSAnimation.a"; sourceTree = BUILT_PRODUCTS_DIR; };
		32B7A96F370BBE8A08682308 /* Pods-iOSAnimation-iOSAnimationUITests.release.xcconfig */ = {isa = PBXFileReference; includeInIndex = 1; lastKnownFileType = text.xcconfig; name = "Pods-iOSAnimation-iOSAnimationUITests.release.xcconfig"; path = "Target Support Files/Pods-iOSAnimation-iOSAnimationUITests/Pods-iOSAnimation-iOSAnimationUITests.release.xcconfig"; sourceTree = "<group>"; };
		3C8521B0559366B34CC1186F /* Pods-iOSAnimationTests.debug.xcconfig */ = {isa = PBXFileReference; includeInIndex = 1; lastKnownFileType = text.xcconfig; name = "Pods-iOSAnimationTests.debug.xcconfig"; path = "Target Support Files/Pods-iOSAnimationTests/Pods-iOSAnimationTests.debug.xcconfig"; sourceTree = "<group>"; };
		6C1CCC6024DD3F5200B2293B /* FZRemoteAudioPlayer.h */ = {isa = PBXFileReference; lastKnownFileType = sourcecode.c.h; path = FZRemoteAudioPlayer.h; sourceTree = "<group>"; };
		6C1CCC6124DD3F5200B2293B /* FZRemoteAudioPlayer.m */ = {isa = PBXFileReference; lastKnownFileType = sourcecode.c.objc; path = FZRemoteAudioPlayer.m; sourceTree = "<group>"; };
		6C1CCC6424DD436300B2293B /* NSURL+audioPlayer.h */ = {isa = PBXFileReference; lastKnownFileType = sourcecode.c.h; path = "NSURL+audioPlayer.h"; sourceTree = "<group>"; };
		6C1CCC6524DD436300B2293B /* NSURL+audioPlayer.m */ = {isa = PBXFileReference; lastKnownFileType = sourcecode.c.objc; path = "NSURL+audioPlayer.m"; sourceTree = "<group>"; };
		6C1E4551251DC3E000AFA27D /* DynamicArray.h */ = {isa = PBXFileReference; lastKnownFileType = sourcecode.c.h; path = DynamicArray.h; sourceTree = "<group>"; };
		6C1E4552251DC3E000AFA27D /* DynamicArray.m */ = {isa = PBXFileReference; lastKnownFileType = sourcecode.c.objc; path = DynamicArray.m; sourceTree = "<group>"; };
		6C3DAD3C24B851020001A9EA /* FZCollectionViewController.h */ = {isa = PBXFileReference; lastKnownFileType = sourcecode.c.h; path = FZCollectionViewController.h; sourceTree = "<group>"; };
		6C3DAD3D24B851020001A9EA /* FZCollectionViewController.m */ = {isa = PBXFileReference; lastKnownFileType = sourcecode.c.objc; path = FZCollectionViewController.m; sourceTree = "<group>"; };
		6C3DAD3F24B8515E0001A9EA /* FZCollectionFlowLayout.h */ = {isa = PBXFileReference; lastKnownFileType = sourcecode.c.h; path = FZCollectionFlowLayout.h; sourceTree = "<group>"; };
		6C3DAD4024B8515E0001A9EA /* FZCollectionFlowLayout.m */ = {isa = PBXFileReference; lastKnownFileType = sourcecode.c.objc; path = FZCollectionFlowLayout.m; sourceTree = "<group>"; };
		6C3DAD4224B851790001A9EA /* FZCollectionLayout.h */ = {isa = PBXFileReference; lastKnownFileType = sourcecode.c.h; path = FZCollectionLayout.h; sourceTree = "<group>"; };
		6C3DAD4324B8517A0001A9EA /* FZCollectionLayout.m */ = {isa = PBXFileReference; lastKnownFileType = sourcecode.c.objc; path = FZCollectionLayout.m; sourceTree = "<group>"; };
		6C3DAD4524B854BB0001A9EA /* FZCollectionViewController+delegates.h */ = {isa = PBXFileReference; lastKnownFileType = sourcecode.c.h; path = "FZCollectionViewController+delegates.h"; sourceTree = "<group>"; };
		6C3DAD4624B854BB0001A9EA /* FZCollectionViewController+delegates.m */ = {isa = PBXFileReference; lastKnownFileType = sourcecode.c.objc; path = "FZCollectionViewController+delegates.m"; sourceTree = "<group>"; };
		6C4127E123B6105100EB157C /* iOSAnimation.app */ = {isa = PBXFileReference; explicitFileType = wrapper.application; includeInIndex = 0; path = iOSAnimation.app; sourceTree = BUILT_PRODUCTS_DIR; };
		6C4127E423B6105100EB157C /* AppDelegate.h */ = {isa = PBXFileReference; lastKnownFileType = sourcecode.c.h; path = AppDelegate.h; sourceTree = "<group>"; };
		6C4127E523B6105100EB157C /* AppDelegate.m */ = {isa = PBXFileReference; lastKnownFileType = sourcecode.c.objc; path = AppDelegate.m; sourceTree = "<group>"; };
		6C4127E723B6105100EB157C /* SceneDelegate.h */ = {isa = PBXFileReference; lastKnownFileType = sourcecode.c.h; path = SceneDelegate.h; sourceTree = "<group>"; };
		6C4127E823B6105100EB157C /* SceneDelegate.m */ = {isa = PBXFileReference; lastKnownFileType = sourcecode.c.objc; path = SceneDelegate.m; sourceTree = "<group>"; };
		6C4127EA23B6105100EB157C /* ViewController.h */ = {isa = PBXFileReference; lastKnownFileType = sourcecode.c.h; path = ViewController.h; sourceTree = "<group>"; };
		6C4127EB23B6105100EB157C /* ViewController.m */ = {isa = PBXFileReference; lastKnownFileType = sourcecode.c.objc; path = ViewController.m; sourceTree = "<group>"; };
		6C4127EE23B6105100EB157C /* Base */ = {isa = PBXFileReference; lastKnownFileType = file.storyboard; name = Base; path = Base.lproj/Main.storyboard; sourceTree = "<group>"; };
		6C4127F023B6105800EB157C /* Assets.xcassets */ = {isa = PBXFileReference; lastKnownFileType = folder.assetcatalog; path = Assets.xcassets; sourceTree = "<group>"; };
		6C4127F323B6105800EB157C /* Base */ = {isa = PBXFileReference; lastKnownFileType = file.storyboard; name = Base; path = Base.lproj/LaunchScreen.storyboard; sourceTree = "<group>"; };
		6C4127F523B6105800EB157C /* Info.plist */ = {isa = PBXFileReference; lastKnownFileType = text.plist.xml; path = Info.plist; sourceTree = "<group>"; };
		6C4127F623B6105800EB157C /* main.m */ = {isa = PBXFileReference; lastKnownFileType = sourcecode.c.objc; path = main.m; sourceTree = "<group>"; };
		6C4127FC23B6105900EB157C /* iOSAnimationTests.xctest */ = {isa = PBXFileReference; explicitFileType = wrapper.cfbundle; includeInIndex = 0; path = iOSAnimationTests.xctest; sourceTree = BUILT_PRODUCTS_DIR; };
		6C41280023B6105A00EB157C /* iOSAnimationTests.m */ = {isa = PBXFileReference; lastKnownFileType = sourcecode.c.objc; path = iOSAnimationTests.m; sourceTree = "<group>"; };
		6C41280223B6105A00EB157C /* Info.plist */ = {isa = PBXFileReference; lastKnownFileType = text.plist.xml; path = Info.plist; sourceTree = "<group>"; };
		6C41280723B6105A00EB157C /* iOSAnimationUITests.xctest */ = {isa = PBXFileReference; explicitFileType = wrapper.cfbundle; includeInIndex = 0; path = iOSAnimationUITests.xctest; sourceTree = BUILT_PRODUCTS_DIR; };
		6C41280B23B6105A00EB157C /* iOSAnimationUITests.m */ = {isa = PBXFileReference; lastKnownFileType = sourcecode.c.objc; path = iOSAnimationUITests.m; sourceTree = "<group>"; };
		6C41280D23B6105A00EB157C /* Info.plist */ = {isa = PBXFileReference; lastKnownFileType = text.plist.xml; path = Info.plist; sourceTree = "<group>"; };
		6C455ACB24D011D100C43E57 /* FZCollectionViewCell.h */ = {isa = PBXFileReference; lastKnownFileType = sourcecode.c.h; path = FZCollectionViewCell.h; sourceTree = "<group>"; };
		6C455ACC24D011D100C43E57 /* FZCollectionViewCell.m */ = {isa = PBXFileReference; lastKnownFileType = sourcecode.c.objc; path = FZCollectionViewCell.m; sourceTree = "<group>"; };
		6C455ACE24D0240500C43E57 /* clearCell.h */ = {isa = PBXFileReference; lastKnownFileType = sourcecode.c.h; path = clearCell.h; sourceTree = "<group>"; };
		6C455ACF24D0240500C43E57 /* clearCell.m */ = {isa = PBXFileReference; lastKnownFileType = sourcecode.c.objc; path = clearCell.m; sourceTree = "<group>"; };
		6C45C5CA2521820B002992D0 /* mutableParams.h */ = {isa = PBXFileReference; lastKnownFileType = sourcecode.c.h; path = mutableParams.h; sourceTree = "<group>"; };
		6C45C5CB2521820B002992D0 /* mutableParams.m */ = {isa = PBXFileReference; lastKnownFileType = sourcecode.c.objc; path = mutableParams.m; sourceTree = "<group>"; };
		6C49E34624ACAC4300D73CEB /* HitTestView.h */ = {isa = PBXFileReference; lastKnownFileType = sourcecode.c.h; path = HitTestView.h; sourceTree = "<group>"; };
		6C49E34724ACAC4300D73CEB /* HitTestView.m */ = {isa = PBXFileReference; lastKnownFileType = sourcecode.c.objc; path = HitTestView.m; sourceTree = "<group>"; };
		6C49E34A24ACBBB500D73CEB /* HitTestViewController.h */ = {isa = PBXFileReference; lastKnownFileType = sourcecode.c.h; path = HitTestViewController.h; sourceTree = "<group>"; };
		6C49E34B24ACBBB500D73CEB /* HitTestViewController.m */ = {isa = PBXFileReference; lastKnownFileType = sourcecode.c.objc; path = HitTestViewController.m; sourceTree = "<group>"; };
		6C49E34D24AD81C400D73CEB /* HitTestViewController_1.h */ = {isa = PBXFileReference; lastKnownFileType = sourcecode.c.h; path = HitTestViewController_1.h; sourceTree = "<group>"; };
		6C49E34E24AD81C400D73CEB /* HitTestViewController_1.m */ = {isa = PBXFileReference; lastKnownFileType = sourcecode.c.objc; path = HitTestViewController_1.m; sourceTree = "<group>"; };
		6C49E35024AD82F300D73CEB /* HitTestButton.h */ = {isa = PBXFileReference; lastKnownFileType = sourcecode.c.h; path = HitTestButton.h; sourceTree = "<group>"; };
		6C49E35124AD82F300D73CEB /* HitTestButton.m */ = {isa = PBXFileReference; lastKnownFileType = sourcecode.c.objc; path = HitTestButton.m; sourceTree = "<group>"; };
		6C49E36124AF312300D73CEB /* LocalViewController.h */ = {isa = PBXFileReference; lastKnownFileType = sourcecode.c.h; path = LocalViewController.h; sourceTree = "<group>"; };
		6C49E36224AF312300D73CEB /* LocalViewController.m */ = {isa = PBXFileReference; lastKnownFileType = sourcecode.c.objc; path = LocalViewController.m; sourceTree = "<group>"; };
		6C50F040250F890400AA446E /* libsqlite3.tbd */ = {isa = PBXFileReference; lastKnownFileType = "sourcecode.text-based-dylib-definition"; name = libsqlite3.tbd; path = usr/lib/libsqlite3.tbd; sourceTree = SDKROOT; };
		6C50F042250F893300AA446E /* FZSQLite3Test.h */ = {isa = PBXFileReference; lastKnownFileType = sourcecode.c.h; path = FZSQLite3Test.h; sourceTree = "<group>"; };
		6C50F043250F893300AA446E /* FZSQLite3Test.m */ = {isa = PBXFileReference; lastKnownFileType = sourcecode.c.objc; path = FZSQLite3Test.m; sourceTree = "<group>"; };
		6C50F045250F89CE00AA446E /* testModel.h */ = {isa = PBXFileReference; lastKnownFileType = sourcecode.c.h; path = testModel.h; sourceTree = "<group>"; };
		6C50F046250F89CE00AA446E /* testModel.m */ = {isa = PBXFileReference; lastKnownFileType = sourcecode.c.objc; path = testModel.m; sourceTree = "<group>"; };
		6C50F049250F8B0600AA446E /* FZSQLiteTool.h */ = {isa = PBXFileReference; lastKnownFileType = sourcecode.c.h; path = FZSQLiteTool.h; sourceTree = "<group>"; };
		6C50F04A250F8B0600AA446E /* FZSQLiteTool.m */ = {isa = PBXFileReference; lastKnownFileType = sourcecode.c.objc; path = FZSQLiteTool.m; sourceTree = "<group>"; };
		6C50F04C250F8B1800AA446E /* FZModelTool.h */ = {isa = PBXFileReference; lastKnownFileType = sourcecode.c.h; path = FZModelTool.h; sourceTree = "<group>"; };
		6C50F04D250F8B1800AA446E /* FZModelTool.m */ = {isa = PBXFileReference; lastKnownFileType = sourcecode.c.objc; path = FZModelTool.m; sourceTree = "<group>"; };
		6C50F04F250F8B3B00AA446E /* FZSQLiteModelProtocol.h */ = {isa = PBXFileReference; lastKnownFileType = sourcecode.c.h; path = FZSQLiteModelProtocol.h; sourceTree = "<group>"; };
		6C50F0502513016200AA446E /* MRC.h */ = {isa = PBXFileReference; lastKnownFileType = sourcecode.c.h; name = MRC.h; path = iOSAnimation/MRC.h; sourceTree = SOURCE_ROOT; };
		6C50F0512513016200AA446E /* MRC.m */ = {isa = PBXFileReference; lastKnownFileType = sourcecode.c.objc; name = MRC.m; path = iOSAnimation/MRC.m; sourceTree = SOURCE_ROOT; };
		6C50F05625130E1C00AA446E /* MRCTEST.h */ = {isa = PBXFileReference; lastKnownFileType = sourcecode.c.h; path = MRCTEST.h; sourceTree = "<group>"; };
		6C50F05725130E1C00AA446E /* MRCTEST.m */ = {isa = PBXFileReference; lastKnownFileType = sourcecode.c.objc; path = MRCTEST.m; sourceTree = "<group>"; };
		6C6F39922542CFD100DA2611 /* testView.h */ = {isa = PBXFileReference; lastKnownFileType = sourcecode.c.h; path = testView.h; sourceTree = "<group>"; };
		6C6F39932542CFD100DA2611 /* testView.m */ = {isa = PBXFileReference; lastKnownFileType = sourcecode.c.objc; path = testView.m; sourceTree = "<group>"; };
		6C8089CC24CAC2A700FD94CD /* FZDownLoader.h */ = {isa = PBXFileReference; lastKnownFileType = sourcecode.c.h; path = FZDownLoader.h; sourceTree = "<group>"; };
		6C8089CD24CAC2A700FD94CD /* FZDownLoader.m */ = {isa = PBXFileReference; lastKnownFileType = sourcecode.c.objc; path = FZDownLoader.m; sourceTree = "<group>"; };
		6C8089CF24CAC49A00FD94CD /* FZFileManager.h */ = {isa = PBXFileReference; lastKnownFileType = sourcecode.c.h; path = FZFileManager.h; sourceTree = "<group>"; };
		6C8089D024CAC49A00FD94CD /* FZFileManager.m */ = {isa = PBXFileReference; lastKnownFileType = sourcecode.c.objc; path = FZFileManager.m; sourceTree = "<group>"; };
		6C93286D2537F062002672BE /* textFieldGrandientColorView.h */ = {isa = PBXFileReference; lastKnownFileType = sourcecode.c.h; path = textFieldGrandientColorView.h; sourceTree = "<group>"; };
		6C93286E2537F062002672BE /* textFieldGrandientColorView.m */ = {isa = PBXFileReference; lastKnownFileType = sourcecode.c.objc; path = textFieldGrandientColorView.m; sourceTree = "<group>"; };
		6C9328732537F431002672BE /* DynamicCircieArray.h */ = {isa = PBXFileReference; lastKnownFileType = sourcecode.c.h; path = DynamicCircieArray.h; sourceTree = "<group>"; };
		6C9328742537F431002672BE /* DynamicCircieArray.m */ = {isa = PBXFileReference; lastKnownFileType = sourcecode.c.objc; path = DynamicCircieArray.m; sourceTree = "<group>"; };
		6CDB8EDB2531CAB5005B0FF5 /* tx.h */ = {isa = PBXFileReference; lastKnownFileType = sourcecode.c.h; path = tx.h; sourceTree = "<group>"; };
		6CDB8EDC2531CAB5005B0FF5 /* tx.m */ = {isa = PBXFileReference; lastKnownFileType = sourcecode.c.objc; path = tx.m; sourceTree = "<group>"; };
		6CDD17A024E0F36100501767 /* FZRemoteAudioPlayerResourceDelegate.h */ = {isa = PBXFileReference; lastKnownFileType = sourcecode.c.h; path = FZRemoteAudioPlayerResourceDelegate.h; sourceTree = "<group>"; };
		6CDD17A124E0F36100501767 /* FZRemoteAudioPlayerResourceDelegate.m */ = {isa = PBXFileReference; lastKnownFileType = sourcecode.c.objc; path = FZRemoteAudioPlayerResourceDelegate.m; sourceTree = "<group>"; };
		6CE396A825184A1B00115594 /* Cpp.cpp */ = {isa = PBXFileReference; lastKnownFileType = sourcecode.cpp.cpp; path = Cpp.cpp; sourceTree = "<group>"; };
		6CE396A925184A1B00115594 /* Cpp.hpp */ = {isa = PBXFileReference; lastKnownFileType = sourcecode.cpp.h; path = Cpp.hpp; sourceTree = "<group>"; };
		6CE396B12518771A00115594 /* ARC.h */ = {isa = PBXFileReference; lastKnownFileType = sourcecode.c.h; path = ARC.h; sourceTree = "<group>"; };
		6CE396B22518771A00115594 /* ARC.m */ = {isa = PBXFileReference; lastKnownFileType = sourcecode.c.objc; path = ARC.m; sourceTree = "<group>"; };
		6FF0F97116D61252E6115488 /* Pods-iOSAnimation.debug.xcconfig */ = {isa = PBXFileReference; includeInIndex = 1; lastKnownFileType = text.xcconfig; name = "Pods-iOSAnimation.debug.xcconfig"; path = "Target Support Files/Pods-iOSAnimation/Pods-iOSAnimation.debug.xcconfig"; sourceTree = "<group>"; };
		E41CA6D3B631A21B0B992C8F /* Pods-iOSAnimation-iOSAnimationUITests.debug.xcconfig */ = {isa = PBXFileReference; includeInIndex = 1; lastKnownFileType = text.xcconfig; name = "Pods-iOSAnimation-iOSAnimationUITests.debug.xcconfig"; path = "Target Support Files/Pods-iOSAnimation-iOSAnimationUITests/Pods-iOSAnimation-iOSAnimationUITests.debug.xcconfig"; sourceTree = "<group>"; };
		E875366EC789484FEB66446D /* Pods-iOSAnimationTests.release.xcconfig */ = {isa = PBXFileReference; includeInIndex = 1; lastKnownFileType = text.xcconfig; name = "Pods-iOSAnimationTests.release.xcconfig"; path = "Target Support Files/Pods-iOSAnimationTests/Pods-iOSAnimationTests.release.xcconfig"; sourceTree = "<group>"; };
/* End PBXFileReference section */

/* Begin PBXFrameworksBuildPhase section */
		6C4127DE23B6105100EB157C /* Frameworks */ = {
			isa = PBXFrameworksBuildPhase;
			buildActionMask = 2147483647;
			files = (
				6C50F041250F890C00AA446E /* libsqlite3.tbd in Frameworks */,
				F973DA011B154EA4E1A2B858 /* libPods-iOSAnimation.a in Frameworks */,
			);
			runOnlyForDeploymentPostprocessing = 0;
		};
		6C4127F923B6105900EB157C /* Frameworks */ = {
			isa = PBXFrameworksBuildPhase;
			buildActionMask = 2147483647;
			files = (
				74EB3CE7FEE65BD72792EEFE /* libPods-iOSAnimationTests.a in Frameworks */,
			);
			runOnlyForDeploymentPostprocessing = 0;
		};
		6C41280423B6105A00EB157C /* Frameworks */ = {
			isa = PBXFrameworksBuildPhase;
			buildActionMask = 2147483647;
			files = (
				8C2F4F5B250C6C04871D0B00 /* libPods-iOSAnimation-iOSAnimationUITests.a in Frameworks */,
			);
			runOnlyForDeploymentPostprocessing = 0;
		};
/* End PBXFrameworksBuildPhase section */

/* Begin PBXGroup section */
		6C1CCC5F24DD3F1F00B2293B /* AudioPlayer */ = {
			isa = PBXGroup;
			children = (
				6C1CCC6324DD434600B2293B /* tools */,
				6C1CCC6024DD3F5200B2293B /* FZRemoteAudioPlayer.h */,
				6C1CCC6124DD3F5200B2293B /* FZRemoteAudioPlayer.m */,
				6CDD17A024E0F36100501767 /* FZRemoteAudioPlayerResourceDelegate.h */,
				6CDD17A124E0F36100501767 /* FZRemoteAudioPlayerResourceDelegate.m */,
			);
			path = AudioPlayer;
			sourceTree = "<group>";
		};
		6C1CCC6324DD434600B2293B /* tools */ = {
			isa = PBXGroup;
			children = (
				6C1CCC6424DD436300B2293B /* NSURL+audioPlayer.h */,
				6C1CCC6524DD436300B2293B /* NSURL+audioPlayer.m */,
			);
			path = tools;
			sourceTree = "<group>";
		};
		6C1E454E251DBF6E00AFA27D /* dataSturct */ = {
			isa = PBXGroup;
			children = (
				6C1E4550251DBF8800AFA27D /* DynamicArray */,
				6C1E454F251DBF7F00AFA27D /* LinkedList */,
			);
			path = dataSturct;
			sourceTree = "<group>";
		};
		6C1E454F251DBF7F00AFA27D /* LinkedList */ = {
			isa = PBXGroup;
			children = (
			);
			path = LinkedList;
			sourceTree = "<group>";
		};
		6C1E4550251DBF8800AFA27D /* DynamicArray */ = {
			isa = PBXGroup;
			children = (
				6C1E4551251DC3E000AFA27D /* DynamicArray.h */,
				6C1E4552251DC3E000AFA27D /* DynamicArray.m */,
				6C9328732537F431002672BE /* DynamicCircieArray.h */,
				6C9328742537F431002672BE /* DynamicCircieArray.m */,
			);
			path = DynamicArray;
			sourceTree = "<group>";
		};
		6C3DAD3B24B850E10001A9EA /* UICollectionView */ = {
			isa = PBXGroup;
			children = (
				6C3DAD3C24B851020001A9EA /* FZCollectionViewController.h */,
				6C3DAD3D24B851020001A9EA /* FZCollectionViewController.m */,
				6C3DAD4524B854BB0001A9EA /* FZCollectionViewController+delegates.h */,
				6C3DAD4624B854BB0001A9EA /* FZCollectionViewController+delegates.m */,
				6C3DAD3F24B8515E0001A9EA /* FZCollectionFlowLayout.h */,
				6C3DAD4024B8515E0001A9EA /* FZCollectionFlowLayout.m */,
				6C3DAD4224B851790001A9EA /* FZCollectionLayout.h */,
				6C3DAD4324B8517A0001A9EA /* FZCollectionLayout.m */,
				6C455ACB24D011D100C43E57 /* FZCollectionViewCell.h */,
				6C455ACC24D011D100C43E57 /* FZCollectionViewCell.m */,
				6C455ACE24D0240500C43E57 /* clearCell.h */,
				6C455ACF24D0240500C43E57 /* clearCell.m */,
			);
			path = UICollectionView;
			sourceTree = "<group>";
		};
		6C4127D823B6105000EB157C = {
			isa = PBXGroup;
			children = (
				6C4127E323B6105100EB157C /* iOSAnimation */,
				6C4127FF23B6105A00EB157C /* iOSAnimationTests */,
				6C41280A23B6105A00EB157C /* iOSAnimationUITests */,
				6C4127E223B6105100EB157C /* Products */,
				F803AA9F5C9FF3D392D57A7E /* Pods */,
				8A1980F607261A9EBC548221 /* Frameworks */,
			);
			sourceTree = "<group>";
		};
		6C4127E223B6105100EB157C /* Products */ = {
			isa = PBXGroup;
			children = (
				6C4127E123B6105100EB157C /* iOSAnimation.app */,
				6C4127FC23B6105900EB157C /* iOSAnimationTests.xctest */,
				6C41280723B6105A00EB157C /* iOSAnimationUITests.xctest */,
			);
			name = Products;
			sourceTree = "<group>";
		};
		6C4127E323B6105100EB157C /* iOSAnimation */ = {
			isa = PBXGroup;
			children = (
				6C4B0F8A254822BD0002D509 /* Fondation */,
				6C4B0F89254822B40002D509 /* UI */,
				6C45C5C8252181E3002992D0 /* tips */,
				6C1E454E251DBF6E00AFA27D /* dataSturct */,
				6C50F03F250F88EB00AA446E /* SQlite3 */,
				6C1CCC5F24DD3F1F00B2293B /* AudioPlayer */,
				6C8089CB24CAC28C00FD94CD /* downLoad */,
				6C4127E423B6105100EB157C /* AppDelegate.h */,
				6C4127E523B6105100EB157C /* AppDelegate.m */,
				6C50F05625130E1C00AA446E /* MRCTEST.h */,
				6C50F05725130E1C00AA446E /* MRCTEST.m */,
				6C50F0502513016200AA446E /* MRC.h */,
				6C50F0512513016200AA446E /* MRC.m */,
				6CE396B12518771A00115594 /* ARC.h */,
				6CE396B22518771A00115594 /* ARC.m */,
				6CE396A925184A1B00115594 /* Cpp.hpp */,
				6CE396A825184A1B00115594 /* Cpp.cpp */,
				6C4127E723B6105100EB157C /* SceneDelegate.h */,
				6C4127E823B6105100EB157C /* SceneDelegate.m */,
				6C4127EA23B6105100EB157C /* ViewController.h */,
				6C4127EB23B6105100EB157C /* ViewController.m */,
				6CDB8EDB2531CAB5005B0FF5 /* tx.h */,
				6CDB8EDC2531CAB5005B0FF5 /* tx.m */,
				6C4127ED23B6105100EB157C /* Main.storyboard */,
				6C4127F023B6105800EB157C /* Assets.xcassets */,
				6C4127F223B6105800EB157C /* LaunchScreen.storyboard */,
				6C4127F523B6105800EB157C /* Info.plist */,
				6C4127F623B6105800EB157C /* main.m */,
			);
			path = iOSAnimation;
			sourceTree = "<group>";
		};
		6C4127FF23B6105A00EB157C /* iOSAnimationTests */ = {
			isa = PBXGroup;
			children = (
				6C41280023B6105A00EB157C /* iOSAnimationTests.m */,
				6C41280223B6105A00EB157C /* Info.plist */,
			);
			path = iOSAnimationTests;
			sourceTree = "<group>";
		};
		6C41280A23B6105A00EB157C /* iOSAnimationUITests */ = {
			isa = PBXGroup;
			children = (
				6C41280B23B6105A00EB157C /* iOSAnimationUITests.m */,
				6C41280D23B6105A00EB157C /* Info.plist */,
			);
			path = iOSAnimationUITests;
			sourceTree = "<group>";
		};
		6C45C5C8252181E3002992D0 /* tips */ = {
			isa = PBXGroup;
			children = (
				6C93286C2537F035002672BE /* textFieldGrandientColor */,
				6C45C5C9252181E9002992D0 /* 多参数函数 */,
			);
			path = tips;
			sourceTree = "<group>";
		};
		6C45C5C9252181E9002992D0 /* 多参数函数 */ = {
			isa = PBXGroup;
			children = (
				6C45C5CA2521820B002992D0 /* mutableParams.h */,
				6C45C5CB2521820B002992D0 /* mutableParams.m */,
			);
			path = "多参数函数";
			sourceTree = "<group>";
		};
		6C49E34924ACBA9700D73CEB /* hitTest */ = {
			isa = PBXGroup;
			children = (
				6C49E34624ACAC4300D73CEB /* HitTestView.h */,
				6C49E34724ACAC4300D73CEB /* HitTestView.m */,
				6C49E34A24ACBBB500D73CEB /* HitTestViewController.h */,
				6C49E34B24ACBBB500D73CEB /* HitTestViewController.m */,
				6C49E34D24AD81C400D73CEB /* HitTestViewController_1.h */,
				6C49E34E24AD81C400D73CEB /* HitTestViewController_1.m */,
				6C49E35024AD82F300D73CEB /* HitTestButton.h */,
				6C49E35124AD82F300D73CEB /* HitTestButton.m */,
			);
			path = hitTest;
			sourceTree = "<group>";
		};
		6C49E36024AF310700D73CEB /* local */ = {
			isa = PBXGroup;
			children = (
				6C49E36124AF312300D73CEB /* LocalViewController.h */,
				6C49E36224AF312300D73CEB /* LocalViewController.m */,
			);
			path = local;
			sourceTree = "<group>";
		};
		6C4B0F89254822B40002D509 /* UI */ = {
			isa = PBXGroup;
			children = (
				6C6F39922542CFD100DA2611 /* testView.h */,
				6C6F39932542CFD100DA2611 /* testView.m */,
				6C3DAD3B24B850E10001A9EA /* UICollectionView */,
				6C49E34924ACBA9700D73CEB /* hitTest */,
			);
			path = UI;
			sourceTree = "<group>";
		};
		6C4B0F8A254822BD0002D509 /* Fondation */ = {
			isa = PBXGroup;
			children = (
				6C49E36024AF310700D73CEB /* local */,
			);
			path = Fondation;
			sourceTree = "<group>";
		};
		6C50F03F250F88EB00AA446E /* SQlite3 */ = {
			isa = PBXGroup;
			children = (
				6C50F048250F8AF400AA446E /* demo */,
				6C50F042250F893300AA446E /* FZSQLite3Test.h */,
				6C50F043250F893300AA446E /* FZSQLite3Test.m */,
				6C50F045250F89CE00AA446E /* testModel.h */,
				6C50F046250F89CE00AA446E /* testModel.m */,
			);
			path = SQlite3;
			sourceTree = "<group>";
		};
		6C50F048250F8AF400AA446E /* demo */ = {
			isa = PBXGroup;
			children = (
				6C50F049250F8B0600AA446E /* FZSQLiteTool.h */,
				6C50F04A250F8B0600AA446E /* FZSQLiteTool.m */,
				6C50F04C250F8B1800AA446E /* FZModelTool.h */,
				6C50F04D250F8B1800AA446E /* FZModelTool.m */,
				6C50F04F250F8B3B00AA446E /* FZSQLiteModelProtocol.h */,
			);
			path = demo;
			sourceTree = "<group>";
		};
		6C8089CB24CAC28C00FD94CD /* downLoad */ = {
			isa = PBXGroup;
			children = (
				6C8089CC24CAC2A700FD94CD /* FZDownLoader.h */,
				6C8089CD24CAC2A700FD94CD /* FZDownLoader.m */,
				6C8089CF24CAC49A00FD94CD /* FZFileManager.h */,
				6C8089D024CAC49A00FD94CD /* FZFileManager.m */,
			);
			path = downLoad;
			sourceTree = "<group>";
		};
		6C93286C2537F035002672BE /* textFieldGrandientColor */ = {
			isa = PBXGroup;
			children = (
				6C93286D2537F062002672BE /* textFieldGrandientColorView.h */,
				6C93286E2537F062002672BE /* textFieldGrandientColorView.m */,
			);
			path = textFieldGrandientColor;
			sourceTree = "<group>";
		};
		8A1980F607261A9EBC548221 /* Frameworks */ = {
			isa = PBXGroup;
			children = (
				6C50F040250F890400AA446E /* libsqlite3.tbd */,
				2DF6C73A3CC057DF3BB7E25B /* libPods-iOSAnimation.a */,
				0341F1A11964A01236AFC1D2 /* libPods-iOSAnimation-iOSAnimationUITests.a */,
				27D45F96838EA7ECDB06E9BA /* libPods-iOSAnimationTests.a */,
			);
			name = Frameworks;
			sourceTree = "<group>";
		};
		F803AA9F5C9FF3D392D57A7E /* Pods */ = {
			isa = PBXGroup;
			children = (
				6FF0F97116D61252E6115488 /* Pods-iOSAnimation.debug.xcconfig */,
				01E303B5C08BDF4C950AF5A8 /* Pods-iOSAnimation.release.xcconfig */,
				E41CA6D3B631A21B0B992C8F /* Pods-iOSAnimation-iOSAnimationUITests.debug.xcconfig */,
				32B7A96F370BBE8A08682308 /* Pods-iOSAnimation-iOSAnimationUITests.release.xcconfig */,
				3C8521B0559366B34CC1186F /* Pods-iOSAnimationTests.debug.xcconfig */,
				E875366EC789484FEB66446D /* Pods-iOSAnimationTests.release.xcconfig */,
			);
			path = Pods;
			sourceTree = "<group>";
		};
/* End PBXGroup section */

/* Begin PBXNativeTarget section */
		6C4127E023B6105100EB157C /* iOSAnimation */ = {
			isa = PBXNativeTarget;
			buildConfigurationList = 6C41281023B6105A00EB157C /* Build configuration list for PBXNativeTarget "iOSAnimation" */;
			buildPhases = (
				60F56C1EAA55692ACEBB0F82 /* [CP] Check Pods Manifest.lock */,
				6C4127DD23B6105100EB157C /* Sources */,
				6C4127DE23B6105100EB157C /* Frameworks */,
				6C4127DF23B6105100EB157C /* Resources */,
				BC5072B2CE150F8AA97E41F5 /* [CP] Copy Pods Resources */,
			);
			buildRules = (
			);
			dependencies = (
			);
			name = iOSAnimation;
			productName = iOSAnimation;
			productReference = 6C4127E123B6105100EB157C /* iOSAnimation.app */;
			productType = "com.apple.product-type.application";
		};
		6C4127FB23B6105900EB157C /* iOSAnimationTests */ = {
			isa = PBXNativeTarget;
			buildConfigurationList = 6C41281323B6105A00EB157C /* Build configuration list for PBXNativeTarget "iOSAnimationTests" */;
			buildPhases = (
				0AA1CDDB065F839984ADE1EB /* [CP] Check Pods Manifest.lock */,
				6C4127F823B6105900EB157C /* Sources */,
				6C4127F923B6105900EB157C /* Frameworks */,
				6C4127FA23B6105900EB157C /* Resources */,
			);
			buildRules = (
			);
			dependencies = (
				6C4127FE23B6105900EB157C /* PBXTargetDependency */,
			);
			name = iOSAnimationTests;
			productName = iOSAnimationTests;
			productReference = 6C4127FC23B6105900EB157C /* iOSAnimationTests.xctest */;
			productType = "com.apple.product-type.bundle.unit-test";
		};
		6C41280623B6105A00EB157C /* iOSAnimationUITests */ = {
			isa = PBXNativeTarget;
			buildConfigurationList = 6C41281623B6105A00EB157C /* Build configuration list for PBXNativeTarget "iOSAnimationUITests" */;
			buildPhases = (
				98D7D252D6DDD7C8EE822DC3 /* [CP] Check Pods Manifest.lock */,
				6C41280323B6105A00EB157C /* Sources */,
				6C41280423B6105A00EB157C /* Frameworks */,
				6C41280523B6105A00EB157C /* Resources */,
				83B4C1232E5D49A6DA1D676A /* [CP] Copy Pods Resources */,
			);
			buildRules = (
			);
			dependencies = (
				6C41280923B6105A00EB157C /* PBXTargetDependency */,
			);
			name = iOSAnimationUITests;
			productName = iOSAnimationUITests;
			productReference = 6C41280723B6105A00EB157C /* iOSAnimationUITests.xctest */;
			productType = "com.apple.product-type.bundle.ui-testing";
		};
/* End PBXNativeTarget section */

/* Begin PBXProject section */
		6C4127D923B6105000EB157C /* Project object */ = {
			isa = PBXProject;
			attributes = {
				LastUpgradeCheck = 1110;
				ORGANIZATIONNAME = may;
				TargetAttributes = {
					6C4127E023B6105100EB157C = {
						CreatedOnToolsVersion = 11.1;
					};
					6C4127FB23B6105900EB157C = {
						CreatedOnToolsVersion = 11.1;
						TestTargetID = 6C4127E023B6105100EB157C;
					};
					6C41280623B6105A00EB157C = {
						CreatedOnToolsVersion = 11.1;
						TestTargetID = 6C4127E023B6105100EB157C;
					};
				};
			};
			buildConfigurationList = 6C4127DC23B6105100EB157C /* Build configuration list for PBXProject "iOSAnimation" */;
			compatibilityVersion = "Xcode 9.3";
			developmentRegion = en;
			hasScannedForEncodings = 0;
			knownRegions = (
				en,
				Base,
			);
			mainGroup = 6C4127D823B6105000EB157C;
			productRefGroup = 6C4127E223B6105100EB157C /* Products */;
			projectDirPath = "";
			projectRoot = "";
			targets = (
				6C4127E023B6105100EB157C /* iOSAnimation */,
				6C4127FB23B6105900EB157C /* iOSAnimationTests */,
				6C41280623B6105A00EB157C /* iOSAnimationUITests */,
			);
		};
/* End PBXProject section */

/* Begin PBXResourcesBuildPhase section */
		6C4127DF23B6105100EB157C /* Resources */ = {
			isa = PBXResourcesBuildPhase;
			buildActionMask = 2147483647;
			files = (
				6C4127F423B6105800EB157C /* LaunchScreen.storyboard in Resources */,
				6C4127F123B6105800EB157C /* Assets.xcassets in Resources */,
				6C4127EF23B6105100EB157C /* Main.storyboard in Resources */,
			);
			runOnlyForDeploymentPostprocessing = 0;
		};
		6C4127FA23B6105900EB157C /* Resources */ = {
			isa = PBXResourcesBuildPhase;
			buildActionMask = 2147483647;
			files = (
			);
			runOnlyForDeploymentPostprocessing = 0;
		};
		6C41280523B6105A00EB157C /* Resources */ = {
			isa = PBXResourcesBuildPhase;
			buildActionMask = 2147483647;
			files = (
			);
			runOnlyForDeploymentPostprocessing = 0;
		};
/* End PBXResourcesBuildPhase section */

/* Begin PBXShellScriptBuildPhase section */
		0AA1CDDB065F839984ADE1EB /* [CP] Check Pods Manifest.lock */ = {
			isa = PBXShellScriptBuildPhase;
			buildActionMask = 2147483647;
			files = (
			);
			inputFileListPaths = (
			);
			inputPaths = (
				"${PODS_PODFILE_DIR_PATH}/Podfile.lock",
				"${PODS_ROOT}/Manifest.lock",
			);
			name = "[CP] Check Pods Manifest.lock";
			outputFileListPaths = (
			);
			outputPaths = (
				"$(DERIVED_FILE_DIR)/Pods-iOSAnimationTests-checkManifestLockResult.txt",
			);
			runOnlyForDeploymentPostprocessing = 0;
			shellPath = /bin/sh;
			shellScript = "diff \"${PODS_PODFILE_DIR_PATH}/Podfile.lock\" \"${PODS_ROOT}/Manifest.lock\" > /dev/null\nif [ $? != 0 ] ; then\n    # print error to STDERR\n    echo \"error: The sandbox is not in sync with the Podfile.lock. Run 'pod install' or update your CocoaPods installation.\" >&2\n    exit 1\nfi\n# This output is used by Xcode 'outputs' to avoid re-running this script phase.\necho \"SUCCESS\" > \"${SCRIPT_OUTPUT_FILE_0}\"\n";
			showEnvVarsInLog = 0;
		};
		60F56C1EAA55692ACEBB0F82 /* [CP] Check Pods Manifest.lock */ = {
			isa = PBXShellScriptBuildPhase;
			buildActionMask = 2147483647;
			files = (
			);
			inputFileListPaths = (
			);
			inputPaths = (
				"${PODS_PODFILE_DIR_PATH}/Podfile.lock",
				"${PODS_ROOT}/Manifest.lock",
			);
			name = "[CP] Check Pods Manifest.lock";
			outputFileListPaths = (
			);
			outputPaths = (
				"$(DERIVED_FILE_DIR)/Pods-iOSAnimation-checkManifestLockResult.txt",
			);
			runOnlyForDeploymentPostprocessing = 0;
			shellPath = /bin/sh;
			shellScript = "diff \"${PODS_PODFILE_DIR_PATH}/Podfile.lock\" \"${PODS_ROOT}/Manifest.lock\" > /dev/null\nif [ $? != 0 ] ; then\n    # print error to STDERR\n    echo \"error: The sandbox is not in sync with the Podfile.lock. Run 'pod install' or update your CocoaPods installation.\" >&2\n    exit 1\nfi\n# This output is used by Xcode 'outputs' to avoid re-running this script phase.\necho \"SUCCESS\" > \"${SCRIPT_OUTPUT_FILE_0}\"\n";
			showEnvVarsInLog = 0;
		};
		83B4C1232E5D49A6DA1D676A /* [CP] Copy Pods Resources */ = {
			isa = PBXShellScriptBuildPhase;
			buildActionMask = 2147483647;
			files = (
			);
			inputFileListPaths = (
				"${PODS_ROOT}/Target Support Files/Pods-iOSAnimation-iOSAnimationUITests/Pods-iOSAnimation-iOSAnimationUITests-resources-${CONFIGURATION}-input-files.xcfilelist",
			);
			name = "[CP] Copy Pods Resources";
			outputFileListPaths = (
				"${PODS_ROOT}/Target Support Files/Pods-iOSAnimation-iOSAnimationUITests/Pods-iOSAnimation-iOSAnimationUITests-resources-${CONFIGURATION}-output-files.xcfilelist",
			);
			runOnlyForDeploymentPostprocessing = 0;
			shellPath = /bin/sh;
			shellScript = "\"${PODS_ROOT}/Target Support Files/Pods-iOSAnimation-iOSAnimationUITests/Pods-iOSAnimation-iOSAnimationUITests-resources.sh\"\n";
			showEnvVarsInLog = 0;
		};
		98D7D252D6DDD7C8EE822DC3 /* [CP] Check Pods Manifest.lock */ = {
			isa = PBXShellScriptBuildPhase;
			buildActionMask = 2147483647;
			files = (
			);
			inputFileListPaths = (
			);
			inputPaths = (
				"${PODS_PODFILE_DIR_PATH}/Podfile.lock",
				"${PODS_ROOT}/Manifest.lock",
			);
			name = "[CP] Check Pods Manifest.lock";
			outputFileListPaths = (
			);
			outputPaths = (
				"$(DERIVED_FILE_DIR)/Pods-iOSAnimation-iOSAnimationUITests-checkManifestLockResult.txt",
			);
			runOnlyForDeploymentPostprocessing = 0;
			shellPath = /bin/sh;
			shellScript = "diff \"${PODS_PODFILE_DIR_PATH}/Podfile.lock\" \"${PODS_ROOT}/Manifest.lock\" > /dev/null\nif [ $? != 0 ] ; then\n    # print error to STDERR\n    echo \"error: The sandbox is not in sync with the Podfile.lock. Run 'pod install' or update your CocoaPods installation.\" >&2\n    exit 1\nfi\n# This output is used by Xcode 'outputs' to avoid re-running this script phase.\necho \"SUCCESS\" > \"${SCRIPT_OUTPUT_FILE_0}\"\n";
			showEnvVarsInLog = 0;
		};
		BC5072B2CE150F8AA97E41F5 /* [CP] Copy Pods Resources */ = {
			isa = PBXShellScriptBuildPhase;
			buildActionMask = 2147483647;
			files = (
			);
			inputFileListPaths = (
				"${PODS_ROOT}/Target Support Files/Pods-iOSAnimation/Pods-iOSAnimation-resources-${CONFIGURATION}-input-files.xcfilelist",
			);
			name = "[CP] Copy Pods Resources";
			outputFileListPaths = (
				"${PODS_ROOT}/Target Support Files/Pods-iOSAnimation/Pods-iOSAnimation-resources-${CONFIGURATION}-output-files.xcfilelist",
			);
			runOnlyForDeploymentPostprocessing = 0;
			shellPath = /bin/sh;
			shellScript = "\"${PODS_ROOT}/Target Support Files/Pods-iOSAnimation/Pods-iOSAnimation-resources.sh\"\n";
			showEnvVarsInLog = 0;
		};
/* End PBXShellScriptBuildPhase section */

/* Begin PBXSourcesBuildPhase section */
		6C4127DD23B6105100EB157C /* Sources */ = {
			isa = PBXSourcesBuildPhase;
			buildActionMask = 2147483647;
			files = (
				6C49E34C24ACBBB500D73CEB /* HitTestViewController.m in Sources */,
				6CDB8EDD2531CAB5005B0FF5 /* tx.m in Sources */,
				6C1CCC6624DD436300B2293B /* NSURL+audioPlayer.m in Sources */,
				6C4B0F97254824690002D509 /* testView.m in Sources */,
				6C1CCC6224DD3F5200B2293B /* FZRemoteAudioPlayer.m in Sources */,
				6C50F044250F893300AA446E /* FZSQLite3Test.m in Sources */,
				6C3DAD4424B8517A0001A9EA /* FZCollectionLayout.m in Sources */,
				6C3DAD4124B8515E0001A9EA /* FZCollectionFlowLayout.m in Sources */,
				6C3DAD4724B854BB0001A9EA /* FZCollectionViewController+delegates.m in Sources */,
				6C4127EC23B6105100EB157C /* ViewController.m in Sources */,
				6C8089D124CAC49A00FD94CD /* FZFileManager.m in Sources */,
				6C4127E623B6105100EB157C /* AppDelegate.m in Sources */,
				6C9328752537F431002672BE /* DynamicCircieArray.m in Sources */,
				6C1E4553251DC3E000AFA27D /* DynamicArray.m in Sources */,
				6C93286F2537F062002672BE /* textFieldGrandientColorView.m in Sources */,
				6C49E36324AF312300D73CEB /* LocalViewController.m in Sources */,
				6C50F0522513016200AA446E /* MRC.m in Sources */,
				6C455AD024D0240500C43E57 /* clearCell.m in Sources */,
				6C455ACD24D011D100C43E57 /* FZCollectionViewCell.m in Sources */,
				6C50F047250F89CE00AA446E /* testModel.m in Sources */,
				6C49E35224AD82F300D73CEB /* HitTestButton.m in Sources */,
				6C4127F723B6105800EB157C /* main.m in Sources */,
				6CDD17A224E0F36100501767 /* FZRemoteAudioPlayerResourceDelegate.m in Sources */,
				6CE396AA25184A1B00115594 /* Cpp.cpp in Sources */,
				6C3DAD3E24B851020001A9EA /* FZCollectionViewController.m in Sources */,
				6C8089CE24CAC2A700FD94CD /* FZDownLoader.m in Sources */,
				6C49E34824ACAC4300D73CEB /* HitTestView.m in Sources */,
				6CE396BD251885E300115594 /* ARC.m in Sources */,
				6C4127E923B6105100EB157C /* SceneDelegate.m in Sources */,
				6C50F04B250F8B0600AA446E /* FZSQLiteTool.m in Sources */,
				6C45C5CC2521820B002992D0 /* mutableParams.m in Sources */,
				6C49E34F24AD81C400D73CEB /* HitTestViewController_1.m in Sources */,
				6C50F05825130E1C00AA446E /* MRCTEST.m in Sources */,
				6C50F04E250F8B1800AA446E /* FZModelTool.m in Sources */,
			);
			runOnlyForDeploymentPostprocessing = 0;
		};
		6C4127F823B6105900EB157C /* Sources */ = {
			isa = PBXSourcesBuildPhase;
			buildActionMask = 2147483647;
			files = (
				6C41280123B6105A00EB157C /* iOSAnimationTests.m in Sources */,
			);
			runOnlyForDeploymentPostprocessing = 0;
		};
		6C41280323B6105A00EB157C /* Sources */ = {
			isa = PBXSourcesBuildPhase;
			buildActionMask = 2147483647;
			files = (
				6C41280C23B6105A00EB157C /* iOSAnimationUITests.m in Sources */,
			);
			runOnlyForDeploymentPostprocessing = 0;
		};
/* End PBXSourcesBuildPhase section */

/* Begin PBXTargetDependency section */
		6C4127FE23B6105900EB157C /* PBXTargetDependency */ = {
			isa = PBXTargetDependency;
			target = 6C4127E023B6105100EB157C /* iOSAnimation */;
			targetProxy = 6C4127FD23B6105900EB157C /* PBXContainerItemProxy */;
		};
		6C41280923B6105A00EB157C /* PBXTargetDependency */ = {
			isa = PBXTargetDependency;
			target = 6C4127E023B6105100EB157C /* iOSAnimation */;
			targetProxy = 6C41280823B6105A00EB157C /* PBXContainerItemProxy */;
		};
/* End PBXTargetDependency section */

/* Begin PBXVariantGroup section */
		6C4127ED23B6105100EB157C /* Main.storyboard */ = {
			isa = PBXVariantGroup;
			children = (
				6C4127EE23B6105100EB157C /* Base */,
			);
			name = Main.storyboard;
			sourceTree = "<group>";
		};
		6C4127F223B6105800EB157C /* LaunchScreen.storyboard */ = {
			isa = PBXVariantGroup;
			children = (
				6C4127F323B6105800EB157C /* Base */,
			);
			name = LaunchScreen.storyboard;
			sourceTree = "<group>";
		};
/* End PBXVariantGroup section */

/* Begin XCBuildConfiguration section */
		6C41280E23B6105A00EB157C /* Debug */ = {
			isa = XCBuildConfiguration;
			buildSettings = {
				ALWAYS_SEARCH_USER_PATHS = NO;
				CLANG_ANALYZER_NONNULL = YES;
				CLANG_ANALYZER_NUMBER_OBJECT_CONVERSION = YES_AGGRESSIVE;
				CLANG_CXX_LANGUAGE_STANDARD = "gnu++14";
				CLANG_CXX_LIBRARY = "libc++";
				CLANG_ENABLE_MODULES = YES;
				CLANG_ENABLE_OBJC_ARC = YES;
				CLANG_ENABLE_OBJC_WEAK = YES;
				CLANG_WARN_BLOCK_CAPTURE_AUTORELEASING = YES;
				CLANG_WARN_BOOL_CONVERSION = YES;
				CLANG_WARN_COMMA = YES;
				CLANG_WARN_CONSTANT_CONVERSION = YES;
				CLANG_WARN_DEPRECATED_OBJC_IMPLEMENTATIONS = YES;
				CLANG_WARN_DIRECT_OBJC_ISA_USAGE = YES_ERROR;
				CLANG_WARN_DOCUMENTATION_COMMENTS = YES;
				CLANG_WARN_EMPTY_BODY = YES;
				CLANG_WARN_ENUM_CONVERSION = YES;
				CLANG_WARN_INFINITE_RECURSION = YES;
				CLANG_WARN_INT_CONVERSION = YES;
				CLANG_WARN_NON_LITERAL_NULL_CONVERSION = YES;
				CLANG_WARN_OBJC_IMPLICIT_RETAIN_SELF = YES;
				CLANG_WARN_OBJC_LITERAL_CONVERSION = YES;
				CLANG_WARN_OBJC_ROOT_CLASS = YES_ERROR;
				CLANG_WARN_RANGE_LOOP_ANALYSIS = YES;
				CLANG_WARN_STRICT_PROTOTYPES = YES;
				CLANG_WARN_SUSPICIOUS_MOVE = YES;
				CLANG_WARN_UNGUARDED_AVAILABILITY = YES_AGGRESSIVE;
				CLANG_WARN_UNREACHABLE_CODE = YES;
				CLANG_WARN__DUPLICATE_METHOD_MATCH = YES;
				COPY_PHASE_STRIP = NO;
				DEBUG_INFORMATION_FORMAT = dwarf;
				ENABLE_STRICT_OBJC_MSGSEND = YES;
				ENABLE_TESTABILITY = YES;
				GCC_C_LANGUAGE_STANDARD = gnu11;
				GCC_DYNAMIC_NO_PIC = NO;
				GCC_NO_COMMON_BLOCKS = YES;
				GCC_OPTIMIZATION_LEVEL = 0;
				GCC_PREPROCESSOR_DEFINITIONS = (
					"DEBUG=1",
					"$(inherited)",
				);
				GCC_WARN_64_TO_32_BIT_CONVERSION = YES;
				GCC_WARN_ABOUT_RETURN_TYPE = YES_ERROR;
				GCC_WARN_UNDECLARED_SELECTOR = YES;
				GCC_WARN_UNINITIALIZED_AUTOS = YES_AGGRESSIVE;
				GCC_WARN_UNUSED_FUNCTION = YES;
				GCC_WARN_UNUSED_VARIABLE = YES;
				IPHONEOS_DEPLOYMENT_TARGET = 13.1;
				MTL_ENABLE_DEBUG_INFO = INCLUDE_SOURCE;
				MTL_FAST_MATH = YES;
				ONLY_ACTIVE_ARCH = YES;
				SDKROOT = iphoneos;
			};
			name = Debug;
		};
		6C41280F23B6105A00EB157C /* Release */ = {
			isa = XCBuildConfiguration;
			buildSettings = {
				ALWAYS_SEARCH_USER_PATHS = NO;
				CLANG_ANALYZER_NONNULL = YES;
				CLANG_ANALYZER_NUMBER_OBJECT_CONVERSION = YES_AGGRESSIVE;
				CLANG_CXX_LANGUAGE_STANDARD = "gnu++14";
				CLANG_CXX_LIBRARY = "libc++";
				CLANG_ENABLE_MODULES = YES;
				CLANG_ENABLE_OBJC_ARC = YES;
				CLANG_ENABLE_OBJC_WEAK = YES;
				CLANG_WARN_BLOCK_CAPTURE_AUTORELEASING = YES;
				CLANG_WARN_BOOL_CONVERSION = YES;
				CLANG_WARN_COMMA = YES;
				CLANG_WARN_CONSTANT_CONVERSION = YES;
				CLANG_WARN_DEPRECATED_OBJC_IMPLEMENTATIONS = YES;
				CLANG_WARN_DIRECT_OBJC_ISA_USAGE = YES_ERROR;
				CLANG_WARN_DOCUMENTATION_COMMENTS = YES;
				CLANG_WARN_EMPTY_BODY = YES;
				CLANG_WARN_ENUM_CONVERSION = YES;
				CLANG_WARN_INFINITE_RECURSION = YES;
				CLANG_WARN_INT_CONVERSION = YES;
				CLANG_WARN_NON_LITERAL_NULL_CONVERSION = YES;
				CLANG_WARN_OBJC_IMPLICIT_RETAIN_SELF = YES;
				CLANG_WARN_OBJC_LITERAL_CONVERSION = YES;
				CLANG_WARN_OBJC_ROOT_CLASS = YES_ERROR;
				CLANG_WARN_RANGE_LOOP_ANALYSIS = YES;
				CLANG_WARN_STRICT_PROTOTYPES = YES;
				CLANG_WARN_SUSPICIOUS_MOVE = YES;
				CLANG_WARN_UNGUARDED_AVAILABILITY = YES_AGGRESSIVE;
				CLANG_WARN_UNREACHABLE_CODE = YES;
				CLANG_WARN__DUPLICATE_METHOD_MATCH = YES;
				COPY_PHASE_STRIP = NO;
				DEBUG_INFORMATION_FORMAT = "dwarf-with-dsym";
				ENABLE_NS_ASSERTIONS = NO;
				ENABLE_STRICT_OBJC_MSGSEND = YES;
				GCC_C_LANGUAGE_STANDARD = gnu11;
				GCC_NO_COMMON_BLOCKS = YES;
				GCC_WARN_64_TO_32_BIT_CONVERSION = YES;
				GCC_WARN_ABOUT_RETURN_TYPE = YES_ERROR;
				GCC_WARN_UNDECLARED_SELECTOR = YES;
				GCC_WARN_UNINITIALIZED_AUTOS = YES_AGGRESSIVE;
				GCC_WARN_UNUSED_FUNCTION = YES;
				GCC_WARN_UNUSED_VARIABLE = YES;
				IPHONEOS_DEPLOYMENT_TARGET = 13.1;
				MTL_ENABLE_DEBUG_INFO = NO;
				MTL_FAST_MATH = YES;
				SDKROOT = iphoneos;
				VALIDATE_PRODUCT = YES;
			};
			name = Release;
		};
		6C41281123B6105A00EB157C /* Debug */ = {
			isa = XCBuildConfiguration;
			baseConfigurationReference = 6FF0F97116D61252E6115488 /* Pods-iOSAnimation.debug.xcconfig */;
			buildSettings = {
				ASSETCATALOG_COMPILER_APPICON_NAME = AppIcon;
				CODE_SIGN_STYLE = Automatic;
				DEVELOPMENT_TEAM = 252Q9TY364;
				INFOPLIST_FILE = iOSAnimation/Info.plist;
				LD_RUNPATH_SEARCH_PATHS = (
					"$(inherited)",
					"@executable_path/Frameworks",
				);
				PRODUCT_BUNDLE_IDENTIFIER = com.zfz.iOSAnimation;
				PRODUCT_NAME = "$(TARGET_NAME)";
				TARGETED_DEVICE_FAMILY = 1;
			};
			name = Debug;
		};
		6C41281223B6105A00EB157C /* Release */ = {
			isa = XCBuildConfiguration;
			baseConfigurationReference = 01E303B5C08BDF4C950AF5A8 /* Pods-iOSAnimation.release.xcconfig */;
			buildSettings = {
				ASSETCATALOG_COMPILER_APPICON_NAME = AppIcon;
				CODE_SIGN_STYLE = Automatic;
				DEVELOPMENT_TEAM = CTD5323H93;
				INFOPLIST_FILE = iOSAnimation/Info.plist;
				LD_RUNPATH_SEARCH_PATHS = (
					"$(inherited)",
					"@executable_path/Frameworks",
				);
				PRODUCT_BUNDLE_IDENTIFIER = com.zfz.iOSAnimation;
				PRODUCT_NAME = "$(TARGET_NAME)";
				TARGETED_DEVICE_FAMILY = 1;
			};
			name = Release;
		};
		6C41281423B6105A00EB157C /* Debug */ = {
			isa = XCBuildConfiguration;
			baseConfigurationReference = 3C8521B0559366B34CC1186F /* Pods-iOSAnimationTests.debug.xcconfig */;
			buildSettings = {
				BUNDLE_LOADER = "$(TEST_HOST)";
				CODE_SIGN_STYLE = Automatic;
				DEVELOPMENT_TEAM = CTD5323H93;
				INFOPLIST_FILE = iOSAnimationTests/Info.plist;
				IPHONEOS_DEPLOYMENT_TARGET = 13.1;
				LD_RUNPATH_SEARCH_PATHS = (
					"$(inherited)",
					"@executable_path/Frameworks",
					"@loader_path/Frameworks",
				);
				PRODUCT_BUNDLE_IDENTIFIER = com.zfz.iOSAnimationTests;
				PRODUCT_NAME = "$(TARGET_NAME)";
				TARGETED_DEVICE_FAMILY = "1,2";
				TEST_HOST = "$(BUILT_PRODUCTS_DIR)/iOSAnimation.app/iOSAnimation";
			};
			name = Debug;
		};
		6C41281523B6105A00EB157C /* Release */ = {
			isa = XCBuildConfiguration;
			baseConfigurationReference = E875366EC789484FEB66446D /* Pods-iOSAnimationTests.release.xcconfig */;
			buildSettings = {
				BUNDLE_LOADER = "$(TEST_HOST)";
				CODE_SIGN_STYLE = Automatic;
				DEVELOPMENT_TEAM = CTD5323H93;
				INFOPLIST_FILE = iOSAnimationTests/Info.plist;
				IPHONEOS_DEPLOYMENT_TARGET = 13.1;
				LD_RUNPATH_SEARCH_PATHS = (
					"$(inherited)",
					"@executable_path/Frameworks",
					"@loader_path/Frameworks",
				);
				PRODUCT_BUNDLE_IDENTIFIER = com.zfz.iOSAnimationTests;
				PRODUCT_NAME = "$(TARGET_NAME)";
				TARGETED_DEVICE_FAMILY = "1,2";
				TEST_HOST = "$(BUILT_PRODUCTS_DIR)/iOSAnimation.app/iOSAnimation";
			};
			name = Release;
		};
		6C41281723B6105A00EB157C /* Debug */ = {
			isa = XCBuildConfiguration;
			baseConfigurationReference = E41CA6D3B631A21B0B992C8F /* Pods-iOSAnimation-iOSAnimationUITests.debug.xcconfig */;
			buildSettings = {
				CODE_SIGN_STYLE = Automatic;
				DEVELOPMENT_TEAM = CTD5323H93;
				INFOPLIST_FILE = iOSAnimationUITests/Info.plist;
				LD_RUNPATH_SEARCH_PATHS = (
					"$(inherited)",
					"@executable_path/Frameworks",
					"@loader_path/Frameworks",
				);
				PRODUCT_BUNDLE_IDENTIFIER = com.zfz.iOSAnimationUITests;
				PRODUCT_NAME = "$(TARGET_NAME)";
				TARGETED_DEVICE_FAMILY = "1,2";
				TEST_TARGET_NAME = iOSAnimation;
			};
			name = Debug;
		};
		6C41281823B6105A00EB157C /* Release */ = {
			isa = XCBuildConfiguration;
			baseConfigurationReference = 32B7A96F370BBE8A08682308 /* Pods-iOSAnimation-iOSAnimationUITests.release.xcconfig */;
			buildSettings = {
				CODE_SIGN_STYLE = Automatic;
				DEVELOPMENT_TEAM = CTD5323H93;
				INFOPLIST_FILE = iOSAnimationUITests/Info.plist;
				LD_RUNPATH_SEARCH_PATHS = (
					"$(inherited)",
					"@executable_path/Frameworks",
					"@loader_path/Frameworks",
				);
				PRODUCT_BUNDLE_IDENTIFIER = com.zfz.iOSAnimationUITests;
				PRODUCT_NAME = "$(TARGET_NAME)";
				TARGETED_DEVICE_FAMILY = "1,2";
				TEST_TARGET_NAME = iOSAnimation;
			};
			name = Release;
		};
/* End XCBuildConfiguration section */

/* Begin XCConfigurationList section */
		6C4127DC23B6105100EB157C /* Build configuration list for PBXProject "iOSAnimation" */ = {
			isa = XCConfigurationList;
			buildConfigurations = (
				6C41280E23B6105A00EB157C /* Debug */,
				6C41280F23B6105A00EB157C /* Release */,
			);
			defaultConfigurationIsVisible = 0;
			defaultConfigurationName = Release;
		};
		6C41281023B6105A00EB157C /* Build configuration list for PBXNativeTarget "iOSAnimation" */ = {
			isa = XCConfigurationList;
			buildConfigurations = (
				6C41281123B6105A00EB157C /* Debug */,
				6C41281223B6105A00EB157C /* Release */,
			);
			defaultConfigurationIsVisible = 0;
			defaultConfigurationName = Release;
		};
		6C41281323B6105A00EB157C /* Build configuration list for PBXNativeTarget "iOSAnimationTests" */ = {
			isa = XCConfigurationList;
			buildConfigurations = (
				6C41281423B6105A00EB157C /* Debug */,
				6C41281523B6105A00EB157C /* Release */,
			);
			defaultConfigurationIsVisible = 0;
			defaultConfigurationName = Release;
		};
		6C41281623B6105A00EB157C /* Build configuration list for PBXNativeTarget "iOSAnimationUITests" */ = {
			isa = XCConfigurationList;
			buildConfigurations = (
				6C41281723B6105A00EB157C /* Debug */,
				6C41281823B6105A00EB157C /* Release */,
			);
			defaultConfigurationIsVisible = 0;
			defaultConfigurationName = Release;
		};
/* End XCConfigurationList section */
	};
	rootObject = 6C4127D923B6105000EB157C /* Project object */;
}
